// !$*UTF8*$!
{
	archiveVersion = 1;
	classes = {
	};
	objectVersion = 77;
	objects = {

/* Begin PBXContainerItemProxy section */
		004001A32E42E7AA00A5904B /* PBXContainerItemProxy */ = {
			isa = PBXContainerItemProxy;
			containerPortal = 004001812E42E7A800A5904B /* Project object */;
			proxyType = 1;
			remoteGlobalIDString = 004001882E42E7A800A5904B;
			remoteInfo = effective;
		};
		004001AD2E42E7AA00A5904B /* PBXContainerItemProxy */ = {
			isa = PBXContainerItemProxy;
			containerPortal = 004001812E42E7A800A5904B /* Project object */;
			proxyType = 1;
			remoteGlobalIDString = 004001882E42E7A800A5904B;
			remoteInfo = effective;
		};
/* End PBXContainerItemProxy section */

/* Begin PBXFileReference section */
		004001892E42E7A800A5904B /* effective.app */ = {isa = PBXFileReference; explicitFileType = wrapper.application; includeInIndex = 0; path = effective.app; sourceTree = BUILT_PRODUCTS_DIR; };
		004001A22E42E7AA00A5904B /* effectiveTests.xctest */ = {isa = PBXFileReference; explicitFileType = wrapper.cfbundle; includeInIndex = 0; path = effectiveTests.xctest; sourceTree = BUILT_PRODUCTS_DIR; };
		004001AC2E42E7AA00A5904B /* effectiveUITests.xctest */ = {isa = PBXFileReference; explicitFileType = wrapper.cfbundle; includeInIndex = 0; path = effectiveUITests.xctest; sourceTree = BUILT_PRODUCTS_DIR; };
/* End PBXFileReference section */

/* Begin PBXFileSystemSynchronizedBuildFileExceptionSet section */
		004001B42E42E7AA00A5904B /* Exceptions for "effective" folder in "effective" target */ = {
			isa = PBXFileSystemSynchronizedBuildFileExceptionSet;
			membershipExceptions = (
				Info.plist,
			);
			target = 004001882E42E7A800A5904B /* effective */;
		};
/* End PBXFileSystemSynchronizedBuildFileExceptionSet section */

/* Begin PBXFileSystemSynchronizedRootGroup section */
		0040018B2E42E7A800A5904B /* effective */ = {
			isa = PBXFileSystemSynchronizedRootGroup;
			exceptions = (
				004001B42E42E7AA00A5904B /* Exceptions for "effective" folder in "effective" target */,
			);
			path = effective;
			sourceTree = "<group>";
		};
		004001A52E42E7AA00A5904B /* effectiveTests */ = {
			isa = PBXFileSystemSynchronizedRootGroup;
			path = effectiveTests;
			sourceTree = "<group>";
		};
		004001AF2E42E7AA00A5904B /* effectiveUITests */ = {
			isa = PBXFileSystemSynchronizedRootGroup;
			path = effectiveUITests;
			sourceTree = "<group>";
		};
/* End PBXFileSystemSynchronizedRootGroup section */

/* Begin PBXFrameworksBuildPhase section */
		004001862E42E7A800A5904B /* Frameworks */ = {
			isa = PBXFrameworksBuildPhase;
			buildActionMask = 2147483647;
			files = (
			);
			runOnlyForDeploymentPostprocessing = 0;
		};
		0040019F2E42E7AA00A5904B /* Frameworks */ = {
			isa = PBXFrameworksBuildPhase;
			buildActionMask = 2147483647;
			files = (
			);
			runOnlyForDeploymentPostprocessing = 0;
		};
		004001A92E42E7AA00A5904B /* Frameworks */ = {
			isa = PBXFrameworksBuildPhase;
			buildActionMask = 2147483647;
			files = (
			);
			runOnlyForDeploymentPostprocessing = 0;
		};
/* End PBXFrameworksBuildPhase section */

/* Begin PBXGroup section */
		004001802E42E7A800A5904B = {
			isa = PBXGroup;
			children = (
				0040018B2E42E7A800A5904B /* effective */,
				004001A52E42E7AA00A5904B /* effectiveTests */,
				004001AF2E42E7AA00A5904B /* effectiveUITests */,
				0040018A2E42E7A800A5904B /* Products */,
			);
			sourceTree = "<group>";
		};
		0040018A2E42E7A800A5904B /* Products */ = {
			isa = PBXGroup;
			children = (
				004001892E42E7A800A5904B /* effective.app */,
				004001A22E42E7AA00A5904B /* effectiveTests.xctest */,
				004001AC2E42E7AA00A5904B /* effectiveUITests.xctest */,
			);
			name = Products;
			sourceTree = "<group>";
		};
/* End PBXGroup section */

/* Begin PBXNativeTarget section */
		004001882E42E7A800A5904B /* effective */ = {
			isa = PBXNativeTarget;
			buildConfigurationList = 004001B52E42E7AA00A5904B /* Build configuration list for PBXNativeTarget "effective" */;
			buildPhases = (
				004001852E42E7A800A5904B /* Sources */,
				004001862E42E7A800A5904B /* Frameworks */,
				004001872E42E7A800A5904B /* Resources */,
			);
			buildRules = (
			);
			dependencies = (
			);
			fileSystemSynchronizedGroups = (
				0040018B2E42E7A800A5904B /* effective */,
			);
			name = effective;
			packageProductDependencies = (
			);
			productName = effective;
			productReference = 004001892E42E7A800A5904B /* effective.app */;
			productType = "com.apple.product-type.application";
		};
		004001A12E42E7AA00A5904B /* effectiveTests */ = {
			isa = PBXNativeTarget;
			buildConfigurationList = 004001BA2E42E7AA00A5904B /* Build configuration list for PBXNativeTarget "effectiveTests" */;
			buildPhases = (
				0040019E2E42E7AA00A5904B /* Sources */,
				0040019F2E42E7AA00A5904B /* Frameworks */,
				004001A02E42E7AA00A5904B /* Resources */,
			);
			buildRules = (
			);
			dependencies = (
				004001A42E42E7AA00A5904B /* PBXTargetDependency */,
			);
			fileSystemSynchronizedGroups = (
				004001A52E42E7AA00A5904B /* effectiveTests */,
			);
			name = effectiveTests;
			packageProductDependencies = (
			);
			productName = effectiveTests;
			productReference = 004001A22E42E7AA00A5904B /* effectiveTests.xctest */;
			productType = "com.apple.product-type.bundle.unit-test";
		};
		004001AB2E42E7AA00A5904B /* effectiveUITests */ = {
			isa = PBXNativeTarget;
			buildConfigurationList = 004001BD2E42E7AA00A5904B /* Build configuration list for PBXNativeTarget "effectiveUITests" */;
			buildPhases = (
				004001A82E42E7AA00A5904B /* Sources */,
				004001A92E42E7AA00A5904B /* Frameworks */,
				004001AA2E42E7AA00A5904B /* Resources */,
			);
			buildRules = (
			);
			dependencies = (
				004001AE2E42E7AA00A5904B /* PBXTargetDependency */,
			);
			fileSystemSynchronizedGroups = (
				004001AF2E42E7AA00A5904B /* effectiveUITests */,
			);
			name = effectiveUITests;
			packageProductDependencies = (
			);
			productName = effectiveUITests;
			productReference = 004001AC2E42E7AA00A5904B /* effectiveUITests.xctest */;
			productType = "com.apple.product-type.bundle.ui-testing";
		};
/* End PBXNativeTarget section */

/* Begin PBXProject section */
		004001812E42E7A800A5904B /* Project object */ = {
			isa = PBXProject;
			attributes = {
				BuildIndependentTargetsInParallel = 1;
				LastSwiftUpdateCheck = 1640;
				LastUpgradeCheck = 1640;
				TargetAttributes = {
					004001882E42E7A800A5904B = {
						CreatedOnToolsVersion = 16.4;
					};
					004001A12E42E7AA00A5904B = {
						CreatedOnToolsVersion = 16.4;
						TestTargetID = 004001882E42E7A800A5904B;
					};
					004001AB2E42E7AA00A5904B = {
						CreatedOnToolsVersion = 16.4;
						TestTargetID = 004001882E42E7A800A5904B;
					};
				};
			};
			buildConfigurationList = 004001842E42E7A800A5904B /* Build configuration list for PBXProject "effective" */;
			developmentRegion = en;
			hasScannedForEncodings = 0;
			knownRegions = (
				en,
				Base,
			);
			mainGroup = 004001802E42E7A800A5904B;
			minimizedProjectReferenceProxies = 1;
			preferredProjectObjectVersion = 77;
			productRefGroup = 0040018A2E42E7A800A5904B /* Products */;
			projectDirPath = "";
			projectRoot = "";
			targets = (
				004001882E42E7A800A5904B /* effective */,
				004001A12E42E7AA00A5904B /* effectiveTests */,
				004001AB2E42E7AA00A5904B /* effectiveUITests */,
			);
		};
/* End PBXProject section */

/* Begin PBXResourcesBuildPhase section */
		004001872E42E7A800A5904B /* Resources */ = {
			isa = PBXResourcesBuildPhase;
			buildActionMask = 2147483647;
			files = (
			);
			runOnlyForDeploymentPostprocessing = 0;
		};
		004001A02E42E7AA00A5904B /* Resources */ = {
			isa = PBXResourcesBuildPhase;
			buildActionMask = 2147483647;
			files = (
			);
			runOnlyForDeploymentPostprocessing = 0;
		};
		004001AA2E42E7AA00A5904B /* Resources */ = {
			isa = PBXResourcesBuildPhase;
			buildActionMask = 2147483647;
			files = (
			);
			runOnlyForDeploymentPostprocessing = 0;
		};
/* End PBXResourcesBuildPhase section */

/* Begin PBXSourcesBuildPhase section */
		004001852E42E7A800A5904B /* Sources */ = {
			isa = PBXSourcesBuildPhase;
			buildActionMask = 2147483647;
			files = (
			);
			runOnlyForDeploymentPostprocessing = 0;
		};
		0040019E2E42E7AA00A5904B /* Sources */ = {
			isa = PBXSourcesBuildPhase;
			buildActionMask = 2147483647;
			files = (
			);
			runOnlyForDeploymentPostprocessing = 0;
		};
		004001A82E42E7AA00A5904B /* Sources */ = {
			isa = PBXSourcesBuildPhase;
			buildActionMask = 2147483647;
			files = (
			);
			runOnlyForDeploymentPostprocessing = 0;
		};
/* End PBXSourcesBuildPhase section */

/* Begin PBXTargetDependency section */
		004001A42E42E7AA00A5904B /* PBXTargetDependency */ = {
			isa = PBXTargetDependency;
			target = 004001882E42E7A800A5904B /* effective */;
			targetProxy = 004001A32E42E7AA00A5904B /* PBXContainerItemProxy */;
		};
		004001AE2E42E7AA00A5904B /* PBXTargetDependency */ = {
			isa = PBXTargetDependency;
			target = 004001882E42E7A800A5904B /* effective */;
			targetProxy = 004001AD2E42E7AA00A5904B /* PBXContainerItemProxy */;
		};
/* End PBXTargetDependency section */

/* Begin XCBuildConfiguration section */
		004001B62E42E7AA00A5904B /* Debug */ = {
			isa = XCBuildConfiguration;
			buildSettings = {
				ASSETCATALOG_COMPILER_APPICON_NAME = AppIcon;
				ASSETCATALOG_COMPILER_GLOBAL_ACCENT_COLOR_NAME = AccentColor;
				CODE_SIGN_STYLE = Automatic;
				CURRENT_PROJECT_VERSION = 1;
				DEVELOPMENT_TEAM = X58ZVA4AH8;
				GENERATE_INFOPLIST_FILE = YES;
				INFOPLIST_FILE = effective/Info.plist;
				INFOPLIST_KEY_UIApplicationSupportsIndirectInputEvents = YES;
				INFOPLIST_KEY_UILaunchStoryboardName = LaunchScreen;
				INFOPLIST_KEY_UISupportedInterfaceOrientations = UIInterfaceOrientationPortrait;
				IPHONEOS_DEPLOYMENT_TARGET = 15.0;
				LD_RUNPATH_SEARCH_PATHS = (
					"$(inherited)",
					"@executable_path/Frameworks",
				);
				MARKETING_VERSION = 1.0;
				PRODUCT_BUNDLE_IDENTIFIER = cs.effective;
				PRODUCT_NAME = "$(TARGET_NAME)";
				SUPPORTED_PLATFORMS = "iphoneos iphonesimulator";
				SUPPORTS_MACCATALYST = NO;
				SUPPORTS_MAC_DESIGNED_FOR_IPHONE_IPAD = NO;
				SUPPORTS_XR_DESIGNED_FOR_IPHONE_IPAD = NO;
				SWIFT_EMIT_LOC_STRINGS = YES;
				SWIFT_VERSION = 5.0;
				TARGETED_DEVICE_FAMILY = 1;
			};
			name = Debug;
		};
		004001B72E42E7AA00A5904B /* Release */ = {
			isa = XCBuildConfiguration;
			buildSettings = {
				ASSETCATALOG_COMPILER_APPICON_NAME = AppIcon;
				ASSETCATALOG_COMPILER_GLOBAL_ACCENT_COLOR_NAME = AccentColor;
				CODE_SIGN_STYLE = Automatic;
				CURRENT_PROJECT_VERSION = 1;
				DEVELOPMENT_TEAM = X58ZVA4AH8;
				GENERATE_INFOPLIST_FILE = YES;
				INFOPLIST_FILE = effective/Info.plist;
				INFOPLIST_KEY_UIApplicationSupportsIndirectInputEvents = YES;
				INFOPLIST_KEY_UILaunchStoryboardName = LaunchScreen;
				INFOPLIST_KEY_UISupportedInterfaceOrientations = UIInterfaceOrientationPortrait;
				IPHONEOS_DEPLOYMENT_TARGET = 15.0;
				LD_RUNPATH_SEARCH_PATHS = (
					"$(inherited)",
					"@executable_path/Frameworks",
				);
				MARKETING_VERSION = 1.0;
				PRODUCT_BUNDLE_IDENTIFIER = cs.effective;
				PRODUCT_NAME = "$(TARGET_NAME)";
				SUPPORTED_PLATFORMS = "iphoneos iphonesimulator";
				SUPPORTS_MACCATALYST = NO;
				SUPPORTS_MAC_DESIGNED_FOR_IPHONE_IPAD = NO;
				SUPPORTS_XR_DESIGNED_FOR_IPHONE_IPAD = NO;
				SWIFT_EMIT_LOC_STRINGS = YES;
				SWIFT_VERSION = 5.0;
				TARGETED_DEVICE_FAMILY = 1;
			};
			name = Release;
		};
		004001B82E42E7AA00A5904B /* Debug */ = {
			isa = XCBuildConfiguration;
			buildSettings = {
				ALWAYS_SEARCH_USER_PATHS = NO;
				ASSETCATALOG_COMPILER_GENERATE_SWIFT_ASSET_SYMBOL_EXTENSIONS = YES;
				CLANG_ANALYZER_NONNULL = YES;
				CLANG_ANALYZER_NUMBER_OBJECT_CONVERSION = YES_AGGRESSIVE;
				CLANG_CXX_LANGUAGE_STANDARD = "gnu++20";
				CLANG_ENABLE_MODULES = YES;
				CLANG_ENABLE_OBJC_ARC = YES;
				CLANG_ENABLE_OBJC_WEAK = YES;
				CLANG_WARN_BLOCK_CAPTURE_AUTORELEASING = YES;
				CLANG_WARN_BOOL_CONVERSION = YES;
				CLANG_WARN_COMMA = YES;
				CLANG_WARN_CONSTANT_CONVERSION = YES;
				CLANG_WARN_DEPRECATED_OBJC_IMPLEMENTATIONS = YES;
				CLANG_WARN_DIRECT_OBJC_ISA_USAGE = YES_ERROR;
				CLANG_WARN_DOCUMENTATION_COMMENTS = YES;
				CLANG_WARN_EMPTY_BODY = YES;
				CLANG_WARN_ENUM_CONVERSION = YES;
				CLANG_WARN_INFINITE_RECURSION = YES;
				CLANG_WARN_INT_CONVERSION = YES;
				CLANG_WARN_NON_LITERAL_NULL_CONVERSION = YES;
				CLANG_WARN_OBJC_IMPLICIT_RETAIN_SELF = YES;
				CLANG_WARN_OBJC_LITERAL_CONVERSION = YES;
				CLANG_WARN_OBJC_ROOT_CLASS = YES_ERROR;
				CLANG_WARN_QUOTED_INCLUDE_IN_FRAMEWORK_HEADER = YES;
				CLANG_WARN_RANGE_LOOP_ANALYSIS = YES;
				CLANG_WARN_STRICT_PROTOTYPES = YES;
				CLANG_WARN_SUSPICIOUS_MOVE = YES;
				CLANG_WARN_UNGUARDED_AVAILABILITY = YES_AGGRESSIVE;
				CLANG_WARN_UNREACHABLE_CODE = YES;
				CLANG_WARN__DUPLICATE_METHOD_MATCH = YES;
				COPY_PHASE_STRIP = NO;
				DEBUG_INFORMATION_FORMAT = dwarf;
				DEVELOPMENT_TEAM = X58ZVA4AH8;
				ENABLE_STRICT_OBJC_MSGSEND = YES;
				ENABLE_TESTABILITY = YES;
				ENABLE_USER_SCRIPT_SANDBOXING = YES;
				GCC_C_LANGUAGE_STANDARD = gnu17;
				GCC_DYNAMIC_NO_PIC = NO;
				GCC_NO_COMMON_BLOCKS = YES;
				GCC_OPTIMIZATION_LEVEL = 0;
				GCC_PREPROCESSOR_DEFINITIONS = (
					"DEBUG=1",
					"$(inherited)",
				);
				GCC_WARN_64_TO_32_BIT_CONVERSION = YES;
				GCC_WARN_ABOUT_RETURN_TYPE = YES_ERROR;
				GCC_WARN_UNDECLARED_SELECTOR = YES;
				GCC_WARN_UNINITIALIZED_AUTOS = YES_AGGRESSIVE;
				GCC_WARN_UNUSED_FUNCTION = YES;
				GCC_WARN_UNUSED_VARIABLE = YES;
				IPHONEOS_DEPLOYMENT_TARGET = 18.5;
				LOCALIZATION_PREFERS_STRING_CATALOGS = YES;
				MTL_ENABLE_DEBUG_INFO = INCLUDE_SOURCE;
				MTL_FAST_MATH = YES;
				ONLY_ACTIVE_ARCH = YES;
				SDKROOT = iphoneos;
				SWIFT_ACTIVE_COMPILATION_CONDITIONS = "DEBUG $(inherited)";
				SWIFT_OPTIMIZATION_LEVEL = "-Onone";
			};
			name = Debug;
		};
		004001B92E42E7AA00A5904B /* Release */ = {
			isa = XCBuildConfiguration;
			buildSettings = {
				ALWAYS_SEARCH_USER_PATHS = NO;
				ASSETCATALOG_COMPILER_GENERATE_SWIFT_ASSET_SYMBOL_EXTENSIONS = YES;
				CLANG_ANALYZER_NONNULL = YES;
				CLANG_ANALYZER_NUMBER_OBJECT_CONVERSION = YES_AGGRESSIVE;
				CLANG_CXX_LANGUAGE_STANDARD = "gnu++20";
				CLANG_ENABLE_MODULES = YES;
				CLANG_ENABLE_OBJC_ARC = YES;
				CLANG_ENABLE_OBJC_WEAK = YES;
				CLANG_WARN_BLOCK_CAPTURE_AUTORELEASING = YES;
				CLANG_WARN_BOOL_CONVERSION = YES;
				CLANG_WARN_COMMA = YES;
				CLANG_WARN_CONSTANT_CONVERSION = YES;
				CLANG_WARN_DEPRECATED_OBJC_IMPLEMENTATIONS = YES;
				CLANG_WARN_DIRECT_OBJC_ISA_USAGE = YES_ERROR;
				CLANG_WARN_DOCUMENTATION_COMMENTS = YES;
				CLANG_WARN_EMPTY_BODY = YES;
				CLANG_WARN_ENUM_CONVERSION = YES;
				CLANG_WARN_INFINITE_RECURSION = YES;
				CLANG_WARN_INT_CONVERSION = YES;
				CLANG_WARN_NON_LITERAL_NULL_CONVERSION = YES;
				CLANG_WARN_OBJC_IMPLICIT_RETAIN_SELF = YES;
				CLANG_WARN_OBJC_LITERAL_CONVERSION = YES;
				CLANG_WARN_OBJC_ROOT_CLASS = YES_ERROR;
				CLANG_WARN_QUOTED_INCLUDE_IN_FRAMEWORK_HEADER = YES;
				CLANG_WARN_RANGE_LOOP_ANALYSIS = YES;
				CLANG_WARN_STRICT_PROTOTYPES = YES;
				CLANG_WARN_SUSPICIOUS_MOVE = YES;
				CLANG_WARN_UNGUARDED_AVAILABILITY = YES_AGGRESSIVE;
				CLANG_WARN_UNREACHABLE_CODE = YES;
				CLANG_WARN__DUPLICATE_METHOD_MATCH = YES;
				COPY_PHASE_STRIP = NO;
				DEBUG_INFORMATION_FORMAT = "dwarf-with-dsym";
				DEVELOPMENT_TEAM = X58ZVA4AH8;
				ENABLE_NS_ASSERTIONS = NO;
				ENABLE_STRICT_OBJC_MSGSEND = YES;
				ENABLE_USER_SCRIPT_SANDBOXING = YES;
				GCC_C_LANGUAGE_STANDARD = gnu17;
				GCC_NO_COMMON_BLOCKS = YES;
				GCC_WARN_64_TO_32_BIT_CONVERSION = YES;
				GCC_WARN_ABOUT_RETURN_TYPE = YES_ERROR;
				GCC_WARN_UNDECLARED_SELECTOR = YES;
				GCC_WARN_UNINITIALIZED_AUTOS = YES_AGGRESSIVE;
				GCC_WARN_UNUSED_FUNCTION = YES;
				GCC_WARN_UNUSED_VARIABLE = YES;
				IPHONEOS_DEPLOYMENT_TARGET = 18.5;
				LOCALIZATION_PREFERS_STRING_CATALOGS = YES;
				MTL_ENABLE_DEBUG_INFO = NO;
				MTL_FAST_MATH = YES;
				SDKROOT = iphoneos;
				SWIFT_COMPILATION_MODE = wholemodule;
				VALIDATE_PRODUCT = YES;
			};
			name = Release;
		};
		004001BB2E42E7AA00A5904B /* Debug */ = {
			isa = XCBuildConfiguration;
			buildSettings = {
				BUNDLE_LOADER = "$(TEST_HOST)";
				CODE_SIGN_STYLE = Automatic;
				CURRENT_PROJECT_VERSION = 1;
				DEVELOPMENT_TEAM = X58ZVA4AH8;
				GENERATE_INFOPLIST_FILE = YES;
				IPHONEOS_DEPLOYMENT_TARGET = 18.5;
				MARKETING_VERSION = 1.0;
				PRODUCT_BUNDLE_IDENTIFIER = cs.effectiveTests;
				PRODUCT_NAME = "$(TARGET_NAME)";
				SWIFT_EMIT_LOC_STRINGS = NO;
				SWIFT_VERSION = 5.0;
				TARGETED_DEVICE_FAMILY = "1,2";
				TEST_HOST = "$(BUILT_PRODUCTS_DIR)/effective.app/$(BUNDLE_EXECUTABLE_FOLDER_PATH)/effective";
			};
			name = Debug;
		};
		004001BC2E42E7AA00A5904B /* Release */ = {
			isa = XCBuildConfiguration;
			buildSettings = {
				BUNDLE_LOADER = "$(TEST_HOST)";
				CODE_SIGN_STYLE = Automatic;
				CURRENT_PROJECT_VERSION = 1;
				DEVELOPMENT_TEAM = X58ZVA4AH8;
				GENERATE_INFOPLIST_FILE = YES;
				IPHONEOS_DEPLOYMENT_TARGET = 18.5;
				MARKETING_VERSION = 1.0;
				PRODUCT_BUNDLE_IDENTIFIER = cs.effectiveTests;
				PRODUCT_NAME = "$(TARGET_NAME)";
				SWIFT_EMIT_LOC_STRINGS = NO;
				SWIFT_VERSION = 5.0;
				TARGETED_DEVICE_FAMILY = "1,2";
				TEST_HOST = "$(BUILT_PRODUCTS_DIR)/effective.app/$(BUNDLE_EXECUTABLE_FOLDER_PATH)/effective";
			};
			name = Release;
		};
		004001BE2E42E7AA00A5904B /* Debug */ = {
			isa = XCBuildConfiguration;
			buildSettings = {
				CODE_SIGN_STYLE = Automatic;
				CURRENT_PROJECT_VERSION = 1;
				DEVELOPMENT_TEAM = X58ZVA4AH8;
				GENERATE_INFOPLIST_FILE = YES;
				MARKETING_VERSION = 1.0;
				PRODUCT_BUNDLE_IDENTIFIER = cs.effectiveUITests;
				PRODUCT_NAME = "$(TARGET_NAME)";
				SWIFT_EMIT_LOC_STRINGS = NO;
				SWIFT_VERSION = 5.0;
				TARGETED_DEVICE_FAMILY = "1,2";
				TEST_TARGET_NAME = effective;
			};
			name = Debug;
		};
		004001BF2E42E7AA00A5904B /* Release */ = {
			isa = XCBuildConfiguration;
			buildSettings = {
				CODE_SIGN_STYLE = Automatic;
				CURRENT_PROJECT_VERSION = 1;
				DEVELOPMENT_TEAM = X58ZVA4AH8;
				GENERATE_INFOPLIST_FILE = YES;
				MARKETING_VERSION = 1.0;
				PRODUCT_BUNDLE_IDENTIFIER = cs.effectiveUITests;
				PRODUCT_NAME = "$(TARGET_NAME)";
				SWIFT_EMIT_LOC_STRINGS = NO;
				SWIFT_VERSION = 5.0;
				TARGETED_DEVICE_FAMILY = "1,2";
				TEST_TARGET_NAME = effective;
			};
			name = Release;
		};
/* End XCBuildConfiguration section */

/* Begin XCConfigurationList section */
		004001842E42E7A800A5904B /* Build configuration list for PBXProject "effective" */ = {
			isa = XCConfigurationList;
			buildConfigurations = (
				004001B82E42E7AA00A5904B /* Debug */,
				004001B92E42E7AA00A5904B /* Release */,
			);
			defaultConfigurationIsVisible = 0;
			defaultConfigurationName = Release;
		};
		004001B52E42E7AA00A5904B /* Build configuration list for PBXNativeTarget "effective" */ = {
			isa = XCConfigurationList;
			buildConfigurations = (
				004001B62E42E7AA00A5904B /* Debug */,
				004001B72E42E7AA00A5904B /* Release */,
			);
			defaultConfigurationIsVisible = 0;
			defaultConfigurationName = Release;
		};
		004001BA2E42E7AA00A5904B /* Build configuration list for PBXNativeTarget "effectiveTests" */ = {
			isa = XCConfigurationList;
			buildConfigurations = (
				004001BB2E42E7AA00A5904B /* Debug */,
				004001BC2E42E7AA00A5904B /* Release */,
			);
			defaultConfigurationIsVisible = 0;
			defaultConfigurationName = Release;
		};
		004001BD2E42E7AA00A5904B /* Build configuration list for PBXNativeTarget "effectiveUITests" */ = {
			isa = XCConfigurationList;
			buildConfigurations = (
				004001BE2E42E7AA00A5904B /* Debug */,
				004001BF2E42E7AA00A5904B /* Release */,
			);
			defaultConfigurationIsVisible = 0;
			defaultConfigurationName = Release;
		};
/* End XCConfigurationList section */
	};
	rootObject = 004001812E42E7A800A5904B /* Project object */;
}
